{
    "version": 3,
    "terraform_version": "0.11.3",
    "serial": 11,
    "lineage": "71006a0c-6ac9-45d3-8671-100179403772",
    "modules": [
        {
            "path": [
                "root"
            ],
            "outputs": {},
            "resources": {
                "aws_key_pair.bastion_key": {
                    "type": "aws_key_pair",
                    "depends_on": [],
                    "primary": {
                        "id": "bastion_sshkey",
                        "attributes": {
                            "fingerprint": "18:8f:01:21:d0:68:ee:68:75:59:96:76:a1:ff:2b:9f",
                            "id": "bastion_sshkey",
                            "key_name": "bastion_sshkey",
                            "public_key": "ssh-rsa AAAAB3NzaC1yc2EAAAADAQABAAABAQC3GUpLWSiQHSb8avYtaw7xjExtWuynTk2IhnlhRXxuumhNTOe4hzVv2jC4jihdel7Nk3YOIE5/1Sml7orTTEYXQgspcb5qnWObeAZKD1zSwICP2yQGe1BbY8/NIYuq1HU2zQMU/HZ4iRWXKjXXHGznlGBly7Rp1GVXr1lBv7MroFoBv7Kd7EvGFSSZvsYR3k7JRQzqYLyypAgWHPDtsIig2c5ZOX7vAB0VVMp8f6q6Hvo2Z/U3eioXmSVqSVgaIE0yuVj8+nW+kyPV5WvbOWKVsKiA3GeQlif7+I2zS4SfnipNw7Aebc4db+KOizeHClXQrvGuY2iqr3NmzNsBO4W9 romildo@bigbear.rominet.com"
                        },
                        "meta": {
                            "schema_version": "1"
                        },
                        "tainted": false
                    },
                    "deposed": [],
                    "provider": "provider.aws"
                },
                "aws_key_pair.node_key": {
                    "type": "aws_key_pair",
                    "depends_on": [],
                    "primary": {
                        "id": "node_sshkey",
                        "attributes": {
                            "fingerprint": "46:72:08:05:fe:70:10:54:b8:35:00:cb:aa:2b:35:65",
                            "id": "node_sshkey",
                            "key_name": "node_sshkey",
                            "public_key": "ssh-rsa AAAAB3NzaC1yc2EAAAADAQABAAABAQDN0/9xdJuW+VC0Sd4dd9KLImBZHSJ4T6VkQC5fGrmV+fmOhA0pgD6sb9w/bSDwG0BwlLq3atlcVSlG5V3mEDq1dICzVK+LQuhb2E4RWHKfvcrTLdM7BTyouEJbb3CVvUv6XCGgUNF0ixk6+MezYG/yms0odf2yKGSTSKQsjkDQ//pGivYN8ReQVsvHP3xZlfSg/kFp4RvQAtxUyVYDKEwfuR6vbOkhHvutx/w2nG+IIUDHfWAdZtQoGvgmsIkY0SUca26HowF2cEyM8MuSqfTEWYqe9GiuF1Cc0+pTuH0mI1GYFsSKqFSD/fOwG+eU+3vRLkZ7gg79jJBTUqbOgdGJ romildo@bigbear.rominet.com"
                        },
                        "meta": {
                            "schema_version": "1"
                        },
                        "tainted": false
                    },
                    "deposed": [],
                    "provider": "provider.aws"
                }
            },
            "depends_on": []
        },
        {
            "path": [
                "root",
                "networking"
            ],
            "outputs": {
                "bastion_sg_id": {
                    "sensitive": false,
                    "type": "string",
                    "value": "sg-6fc77816"
                },
                "default_sg_id": {
                    "sensitive": false,
                    "type": "string",
                    "value": "sg-a9c47bd0"
                },
                "dns_private_zone_id": {
                    "sensitive": false,
                    "type": "string",
                    "value": "Z3CNLEABDRB4Q3"
                },
                "private_subnet_id": {
                    "sensitive": false,
                    "type": "string",
                    "value": "subnet-743fbe2f"
                },
                "public_subnet_id": {
                    "sensitive": false,
                    "type": "string",
                    "value": "subnet-08c24253"
                },
                "vpc_id": {
                    "sensitive": false,
                    "type": "string",
                    "value": "vpc-1f1fc078"
                }
            },
            "resources": {
                "aws_eip.nat_eip": {
                    "type": "aws_eip",
                    "depends_on": [],
                    "primary": {
                        "id": "eipalloc-1350832e",
                        "attributes": {
                            "association_id": "eipassoc-fbf0cf20",
                            "domain": "vpc",
                            "id": "eipalloc-1350832e",
                            "instance": "",
                            "network_interface": "eni-1601c513",
                            "private_ip": "10.221.1.147",
                            "public_ip": "52.8.20.227",
                            "tags.%": "0",
                            "vpc": "true"
                        },
                        "meta": {},
                        "tainted": false
                    },
                    "deposed": [],
                    "provider": "provider.aws"
                },
                "aws_instance.bastion": {
                    "type": "aws_instance",
                    "depends_on": [
                        "aws_security_group.bastion",
                        "aws_subnet.public_subnet"
                    ],
                    "primary": {
                        "id": "i-0c8edb744ec8ad8d6",
                        "attributes": {
                            "ami": "ami-16efb076",
                            "associate_public_ip_address": "true",
                            "availability_zone": "us-west-1b",
                            "disable_api_termination": "false",
                            "ebs_block_device.#": "0",
                            "ebs_optimized": "false",
                            "ephemeral_block_device.#": "0",
                            "iam_instance_profile": "",
                            "id": "i-0c8edb744ec8ad8d6",
                            "instance_state": "running",
                            "instance_type": "t2.micro",
                            "ipv6_addresses.#": "0",
                            "key_name": "bastion_sshkey",
                            "monitoring": "true",
                            "network_interface.#": "0",
                            "network_interface_id": "eni-4a10d44f",
                            "placement_group": "",
                            "primary_network_interface_id": "eni-4a10d44f",
                            "private_dns": "ip-10-221-0-205.us-west-1.compute.internal",
                            "private_ip": "10.221.0.205",
                            "public_dns": "ec2-13-57-201-25.us-west-1.compute.amazonaws.com",
                            "public_ip": "13.57.201.25",
                            "root_block_device.#": "1",
                            "root_block_device.0.delete_on_termination": "true",
                            "root_block_device.0.iops": "100",
                            "root_block_device.0.volume_id": "vol-04755d53b525b0eb7",
                            "root_block_device.0.volume_size": "8",
                            "root_block_device.0.volume_type": "gp2",
                            "security_groups.#": "0",
                            "source_dest_check": "true",
                            "subnet_id": "subnet-08c24253",
                            "tags.%": "2",
                            "tags.Environment": "staging",
                            "tags.Name": "staging-bastion",
                            "tenancy": "default",
                            "user_data": "91f155a6d61520cb25c404e27bc5b067291ce02c",
                            "volume_tags.%": "0",
                            "vpc_security_group_ids.#": "1",
                            "vpc_security_group_ids.872686527": "sg-6fc77816"
                        },
                        "meta": {
                            "e2bfb730-ecaa-11e6-8f88-34363bc7c4c0": {
                                "create": 600000000000,
                                "delete": 600000000000,
                                "update": 600000000000
                            },
                            "schema_version": "1"
                        },
                        "tainted": false
                    },
                    "deposed": [],
                    "provider": "provider.aws"
                },
                "aws_internet_gateway.ig": {
                    "type": "aws_internet_gateway",
                    "depends_on": [
                        "aws_vpc.vpc"
                    ],
                    "primary": {
                        "id": "igw-634ddd07",
                        "attributes": {
                            "id": "igw-634ddd07",
                            "tags.%": "2",
                            "tags.Environment": "staging",
                            "tags.Name": "staging-igw",
                            "vpc_id": "vpc-1f1fc078"
                        },
                        "meta": {},
                        "tainted": false
                    },
                    "deposed": [],
                    "provider": "provider.aws"
                },
                "aws_nat_gateway.nat": {
                    "type": "aws_nat_gateway",
                    "depends_on": [
                        "aws_eip.nat_eip",
                        "aws_subnet.public_subnet"
                    ],
                    "primary": {
                        "id": "nat-023f8d3a8f0962c1b",
                        "attributes": {
                            "allocation_id": "eipalloc-1350832e",
                            "id": "nat-023f8d3a8f0962c1b",
                            "network_interface_id": "eni-1601c513",
                            "private_ip": "10.221.1.147",
                            "public_ip": "52.8.20.227",
                            "subnet_id": "subnet-08c24253",
                            "tags.%": "0"
                        },
                        "meta": {},
                        "tainted": false
                    },
                    "deposed": [],
                    "provider": "provider.aws"
                },
                "aws_route.private_nat_gateway": {
                    "type": "aws_route",
                    "depends_on": [
                        "aws_nat_gateway.nat",
                        "aws_route_table.private"
                    ],
                    "primary": {
                        "id": "r-rtb-b89ce6df1080289494",
                        "attributes": {
                            "destination_cidr_block": "0.0.0.0/0",
                            "destination_prefix_list_id": "",
                            "egress_only_gateway_id": "",
                            "gateway_id": "",
                            "id": "r-rtb-b89ce6df1080289494",
                            "instance_id": "",
                            "instance_owner_id": "",
                            "nat_gateway_id": "nat-023f8d3a8f0962c1b",
                            "network_interface_id": "",
                            "origin": "CreateRoute",
                            "route_table_id": "rtb-b89ce6df",
                            "state": "active",
                            "vpc_peering_connection_id": ""
                        },
                        "meta": {},
                        "tainted": false
                    },
                    "deposed": [],
                    "provider": "provider.aws"
                },
                "aws_route.public_internet_gateway": {
                    "type": "aws_route",
                    "depends_on": [
                        "aws_internet_gateway.ig",
                        "aws_route_table.public"
                    ],
                    "primary": {
                        "id": "r-rtb-999ee4fe1080289494",
                        "attributes": {
                            "destination_cidr_block": "0.0.0.0/0",
                            "destination_prefix_list_id": "",
                            "egress_only_gateway_id": "",
                            "gateway_id": "igw-634ddd07",
                            "id": "r-rtb-999ee4fe1080289494",
                            "instance_id": "",
                            "instance_owner_id": "",
                            "nat_gateway_id": "",
                            "network_interface_id": "",
                            "origin": "CreateRoute",
                            "route_table_id": "rtb-999ee4fe",
                            "state": "active",
                            "vpc_peering_connection_id": ""
                        },
                        "meta": {},
                        "tainted": false
                    },
                    "deposed": [],
                    "provider": "provider.aws"
                },
                "aws_route53_record.a_record": {
                    "type": "aws_route53_record",
                    "depends_on": [
                        "aws_instance.bastion.*"
                    ],
                    "primary": {
                        "id": "Z3CNLEABDRB4Q3_uswest1-bastion-01.devopsdeploy.com_A",
                        "attributes": {
                            "fqdn": "uswest1-bastion-01.devopsdeploy.com",
                            "health_check_id": "",
                            "id": "Z3CNLEABDRB4Q3_uswest1-bastion-01.devopsdeploy.com_A",
                            "name": "uswest1-bastion-01.devopsdeploy.com",
                            "records.#": "1",
                            "records.1232946462": "13.57.201.25",
                            "set_identifier": "",
                            "ttl": "300",
                            "type": "A",
                            "zone_id": "Z3CNLEABDRB4Q3"
                        },
                        "meta": {
                            "schema_version": "2"
                        },
                        "tainted": false
                    },
                    "deposed": [],
                    "provider": "provider.aws"
                },
                "aws_route53_zone.private_zone": {
                    "type": "aws_route53_zone",
                    "depends_on": [
                        "aws_vpc.vpc"
                    ],
                    "primary": {
                        "id": "Z3CNLEABDRB4Q3",
                        "attributes": {
                            "comment": "Managed by Terraform",
                            "force_destroy": "false",
                            "id": "Z3CNLEABDRB4Q3",
                            "name": "devopsdeploy.com",
                            "name_servers.#": "4",
                            "name_servers.0": "ns-0.awsdns-00.com.",
                            "name_servers.1": "ns-1024.awsdns-00.org.",
                            "name_servers.2": "ns-1536.awsdns-00.co.uk.",
                            "name_servers.3": "ns-512.awsdns-00.net.",
                            "tags.%": "0",
                            "vpc_id": "vpc-1f1fc078",
                            "vpc_region": "us-west-1",
                            "zone_id": "Z3CNLEABDRB4Q3"
                        },
                        "meta": {},
                        "tainted": false
                    },
                    "deposed": [],
                    "provider": "provider.aws"
                },
                "aws_route_table.private": {
                    "type": "aws_route_table",
                    "depends_on": [
                        "aws_vpc.vpc"
                    ],
                    "primary": {
                        "id": "rtb-b89ce6df",
                        "attributes": {
                            "id": "rtb-b89ce6df",
                            "propagating_vgws.#": "0",
                            "route.#": "1",
                            "route.1883608842.cidr_block": "0.0.0.0/0",
                            "route.1883608842.egress_only_gateway_id": "",
                            "route.1883608842.gateway_id": "",
                            "route.1883608842.instance_id": "",
                            "route.1883608842.ipv6_cidr_block": "",
                            "route.1883608842.nat_gateway_id": "nat-023f8d3a8f0962c1b",
                            "route.1883608842.network_interface_id": "",
                            "route.1883608842.vpc_peering_connection_id": "",
                            "tags.%": "2",
                            "tags.Environment": "staging",
                            "tags.Name": "staging-private-route-table",
                            "vpc_id": "vpc-1f1fc078"
                        },
                        "meta": {},
                        "tainted": false
                    },
                    "deposed": [],
                    "provider": "provider.aws"
                },
                "aws_route_table.public": {
                    "type": "aws_route_table",
                    "depends_on": [
                        "aws_vpc.vpc"
                    ],
                    "primary": {
                        "id": "rtb-999ee4fe",
                        "attributes": {
                            "id": "rtb-999ee4fe",
                            "propagating_vgws.#": "0",
                            "route.#": "1",
                            "route.3038707435.cidr_block": "0.0.0.0/0",
                            "route.3038707435.egress_only_gateway_id": "",
                            "route.3038707435.gateway_id": "igw-634ddd07",
                            "route.3038707435.instance_id": "",
                            "route.3038707435.ipv6_cidr_block": "",
                            "route.3038707435.nat_gateway_id": "",
                            "route.3038707435.network_interface_id": "",
                            "route.3038707435.vpc_peering_connection_id": "",
                            "tags.%": "2",
                            "tags.Environment": "staging",
                            "tags.Name": "staging-public-route-table",
                            "vpc_id": "vpc-1f1fc078"
                        },
                        "meta": {},
                        "tainted": false
                    },
                    "deposed": [],
                    "provider": "provider.aws"
                },
                "aws_route_table_association.private": {
                    "type": "aws_route_table_association",
                    "depends_on": [
                        "aws_route_table.private",
                        "aws_subnet.private_subnet"
                    ],
                    "primary": {
                        "id": "rtbassoc-3d8e3a5b",
                        "attributes": {
                            "id": "rtbassoc-3d8e3a5b",
                            "route_table_id": "rtb-b89ce6df",
                            "subnet_id": "subnet-743fbe2f"
                        },
                        "meta": {},
                        "tainted": false
                    },
                    "deposed": [],
                    "provider": "provider.aws"
                },
                "aws_route_table_association.public": {
                    "type": "aws_route_table_association",
                    "depends_on": [
                        "aws_route_table.public",
                        "aws_subnet.public_subnet"
                    ],
                    "primary": {
                        "id": "rtbassoc-428f3b24",
                        "attributes": {
                            "id": "rtbassoc-428f3b24",
                            "route_table_id": "rtb-999ee4fe",
                            "subnet_id": "subnet-08c24253"
                        },
                        "meta": {},
                        "tainted": false
                    },
                    "deposed": [],
                    "provider": "provider.aws"
                },
                "aws_security_group.bastion": {
                    "type": "aws_security_group",
                    "depends_on": [
                        "aws_vpc.vpc"
                    ],
                    "primary": {
                        "id": "sg-6fc77816",
                        "attributes": {
                            "description": "Allow SSH to bastion host",
                            "egress.#": "1",
                            "egress.482069346.cidr_blocks.#": "1",
                            "egress.482069346.cidr_blocks.0": "0.0.0.0/0",
                            "egress.482069346.description": "",
                            "egress.482069346.from_port": "0",
                            "egress.482069346.ipv6_cidr_blocks.#": "0",
                            "egress.482069346.prefix_list_ids.#": "0",
                            "egress.482069346.protocol": "-1",
                            "egress.482069346.security_groups.#": "0",
                            "egress.482069346.self": "false",
                            "egress.482069346.to_port": "0",
                            "id": "sg-6fc77816",
                            "ingress.#": "2",
                            "ingress.2541437006.cidr_blocks.#": "1",
                            "ingress.2541437006.cidr_blocks.0": "0.0.0.0/0",
                            "ingress.2541437006.description": "",
                            "ingress.2541437006.from_port": "22",
                            "ingress.2541437006.ipv6_cidr_blocks.#": "0",
                            "ingress.2541437006.protocol": "tcp",
                            "ingress.2541437006.security_groups.#": "0",
                            "ingress.2541437006.self": "false",
                            "ingress.2541437006.to_port": "22",
                            "ingress.3068409405.cidr_blocks.#": "1",
                            "ingress.3068409405.cidr_blocks.0": "0.0.0.0/0",
                            "ingress.3068409405.description": "",
                            "ingress.3068409405.from_port": "8",
                            "ingress.3068409405.ipv6_cidr_blocks.#": "0",
                            "ingress.3068409405.protocol": "icmp",
                            "ingress.3068409405.security_groups.#": "0",
                            "ingress.3068409405.self": "false",
                            "ingress.3068409405.to_port": "0",
                            "name": "staging-bastion-sg",
                            "owner_id": "770306130477",
                            "revoke_rules_on_delete": "false",
                            "tags.%": "2",
                            "tags.Environment": "staging",
                            "tags.Name": "staging-bastion-sg",
                            "vpc_id": "vpc-1f1fc078"
                        },
                        "meta": {
                            "schema_version": "1"
                        },
                        "tainted": false
                    },
                    "deposed": [],
                    "provider": "provider.aws"
                },
                "aws_security_group.default": {
                    "type": "aws_security_group",
                    "depends_on": [
                        "aws_vpc.vpc"
                    ],
                    "primary": {
                        "id": "sg-a9c47bd0",
                        "attributes": {
                            "description": "Default security group to allow inbound/outbound from the VPC",
                            "egress.#": "1",
                            "egress.753360330.cidr_blocks.#": "0",
                            "egress.753360330.description": "",
                            "egress.753360330.from_port": "0",
                            "egress.753360330.ipv6_cidr_blocks.#": "0",
                            "egress.753360330.prefix_list_ids.#": "0",
                            "egress.753360330.protocol": "-1",
                            "egress.753360330.security_groups.#": "0",
                            "egress.753360330.self": "true",
                            "egress.753360330.to_port": "0",
                            "id": "sg-a9c47bd0",
                            "ingress.#": "1",
                            "ingress.753360330.cidr_blocks.#": "0",
                            "ingress.753360330.description": "",
                            "ingress.753360330.from_port": "0",
                            "ingress.753360330.ipv6_cidr_blocks.#": "0",
                            "ingress.753360330.protocol": "-1",
                            "ingress.753360330.security_groups.#": "0",
                            "ingress.753360330.self": "true",
                            "ingress.753360330.to_port": "0",
                            "name": "staging-default-sg",
                            "owner_id": "770306130477",
                            "revoke_rules_on_delete": "false",
                            "tags.%": "1",
                            "tags.Environment": "staging",
                            "vpc_id": "vpc-1f1fc078"
                        },
                        "meta": {
                            "schema_version": "1"
                        },
                        "tainted": false
                    },
                    "deposed": [],
                    "provider": "provider.aws"
                },
                "aws_subnet.private_subnet": {
                    "type": "aws_subnet",
                    "depends_on": [
                        "aws_vpc.vpc"
                    ],
                    "primary": {
                        "id": "subnet-743fbe2f",
                        "attributes": {
                            "assign_ipv6_address_on_creation": "false",
                            "availability_zone": "us-west-1b",
                            "cidr_block": "10.221.10.0/23",
                            "id": "subnet-743fbe2f",
                            "map_public_ip_on_launch": "false",
                            "tags.%": "2",
                            "tags.Environment": "staging",
                            "tags.Name": "staging-private-subnet",
                            "vpc_id": "vpc-1f1fc078"
                        },
                        "meta": {
                            "schema_version": "1"
                        },
                        "tainted": false
                    },
                    "deposed": [],
                    "provider": "provider.aws"
                },
                "aws_subnet.public_subnet": {
                    "type": "aws_subnet",
                    "depends_on": [
                        "aws_vpc.vpc"
                    ],
                    "primary": {
                        "id": "subnet-08c24253",
                        "attributes": {
                            "assign_ipv6_address_on_creation": "false",
                            "availability_zone": "us-west-1b",
                            "cidr_block": "10.221.0.0/23",
                            "id": "subnet-08c24253",
                            "map_public_ip_on_launch": "true",
                            "tags.%": "2",
                            "tags.Environment": "staging",
                            "tags.Name": "staging-public-subnet",
                            "vpc_id": "vpc-1f1fc078"
                        },
                        "meta": {
                            "schema_version": "1"
                        },
                        "tainted": false
                    },
                    "deposed": [],
                    "provider": "provider.aws"
                },
                "aws_vpc.vpc": {
                    "type": "aws_vpc",
                    "depends_on": [],
                    "primary": {
                        "id": "vpc-1f1fc078",
                        "attributes": {
                            "assign_generated_ipv6_cidr_block": "false",
                            "cidr_block": "10.221.0.0/16",
                            "default_network_acl_id": "acl-3391f054",
                            "default_route_table_id": "rtb-ab92e8cc",
                            "default_security_group_id": "sg-d7c27dae",
                            "dhcp_options_id": "dopt-9eea2dfa",
                            "enable_classiclink": "false",
                            "enable_classiclink_dns_support": "false",
                            "enable_dns_hostnames": "true",
                            "enable_dns_support": "true",
                            "id": "vpc-1f1fc078",
                            "instance_tenancy": "default",
                            "main_route_table_id": "rtb-ab92e8cc",
                            "tags.%": "2",
                            "tags.Environment": "staging",
                            "tags.Name": "staging-vpc"
                        },
                        "meta": {
                            "schema_version": "1"
                        },
                        "tainted": false
                    },
                    "deposed": [],
                    "provider": "provider.aws"
                }
            },
            "depends_on": []
        },
        {
            "path": [
                "root",
                "user1"
            ],
            "outputs": {},
            "resources": {
                "aws_instance.node": {
                    "type": "aws_instance",
                    "depends_on": [
                        "aws_security_group.node_server_sg"
                    ],
                    "primary": {
                        "id": "i-0c5abf33ced9decfe",
                        "attributes": {
                            "ami": "ami-16efb076",
                            "associate_public_ip_address": "false",
                            "availability_zone": "us-west-1b",
                            "disable_api_termination": "false",
                            "ebs_block_device.#": "0",
                            "ebs_optimized": "false",
                            "ephemeral_block_device.#": "0",
                            "iam_instance_profile": "",
                            "id": "i-0c5abf33ced9decfe",
                            "instance_state": "running",
                            "instance_type": "t2.micro",
                            "ipv6_addresses.#": "0",
                            "key_name": "node_sshkey",
                            "monitoring": "false",
                            "network_interface.#": "0",
                            "network_interface_id": "eni-9418dc91",
                            "placement_group": "",
                            "primary_network_interface_id": "eni-9418dc91",
                            "private_dns": "ip-10-221-10-85.us-west-1.compute.internal",
                            "private_ip": "10.221.10.85",
                            "public_dns": "",
                            "public_ip": "",
                            "root_block_device.#": "1",
                            "root_block_device.0.delete_on_termination": "true",
                            "root_block_device.0.iops": "0",
                            "root_block_device.0.volume_id": "vol-02a6418beec693108",
                            "root_block_device.0.volume_size": "60",
                            "root_block_device.0.volume_type": "standard",
                            "security_groups.#": "0",
                            "source_dest_check": "true",
                            "subnet_id": "subnet-743fbe2f",
                            "tags.%": "2",
                            "tags.Environment": "staging",
                            "tags.Name": "staging-user1-1",
                            "tenancy": "default",
                            "user_data": "ef2f46fae4c95b2205068629a579e595bb506351",
                            "volume_tags.%": "0",
                            "vpc_security_group_ids.#": "1",
                            "vpc_security_group_ids.4122809382": "sg-52b8072b"
                        },
                        "meta": {
                            "e2bfb730-ecaa-11e6-8f88-34363bc7c4c0": {
                                "create": 600000000000,
                                "delete": 600000000000,
                                "update": 600000000000
                            },
                            "schema_version": "1"
                        },
                        "tainted": false
                    },
                    "deposed": [],
                    "provider": "provider.aws"
                },
                "aws_route53_record.record": {
                    "type": "aws_route53_record",
                    "depends_on": [
                        "aws_instance.node.*"
                    ],
                    "primary": {
                        "id": "Z3CNLEABDRB4Q3_aws1-build-01.devopsdeploy.com_A",
                        "attributes": {
                            "fqdn": "aws1-build-01.devopsdeploy.com",
                            "health_check_id": "",
                            "id": "Z3CNLEABDRB4Q3_aws1-build-01.devopsdeploy.com_A",
                            "name": "aws1-build-01.devopsdeploy.com",
                            "records.#": "1",
                            "records.1722796074": "10.221.10.85",
                            "set_identifier": "",
                            "ttl": "300",
                            "type": "A",
                            "zone_id": "Z3CNLEABDRB4Q3"
                        },
                        "meta": {
                            "schema_version": "2"
                        },
                        "tainted": false
                    },
                    "deposed": [],
                    "provider": "provider.aws"
                },
                "aws_security_group.node_server_sg": {
                    "type": "aws_security_group",
                    "depends_on": [],
                    "primary": {
                        "id": "sg-52b8072b",
                        "attributes": {
                            "description": "Security group for node that allows node traffic from internet",
                            "egress.#": "1",
                            "egress.482069346.cidr_blocks.#": "1",
                            "egress.482069346.cidr_blocks.0": "0.0.0.0/0",
                            "egress.482069346.description": "",
                            "egress.482069346.from_port": "0",
                            "egress.482069346.ipv6_cidr_blocks.#": "0",
                            "egress.482069346.prefix_list_ids.#": "0",
                            "egress.482069346.protocol": "-1",
                            "egress.482069346.security_groups.#": "0",
                            "egress.482069346.self": "false",
                            "egress.482069346.to_port": "0",
                            "id": "sg-52b8072b",
                            "ingress.#": "2",
                            "ingress.2433004348.cidr_blocks.#": "0",
                            "ingress.2433004348.description": "",
                            "ingress.2433004348.from_port": "22",
                            "ingress.2433004348.ipv6_cidr_blocks.#": "0",
                            "ingress.2433004348.protocol": "tcp",
                            "ingress.2433004348.security_groups.#": "1",
                            "ingress.2433004348.security_groups.872686527": "sg-6fc77816",
                            "ingress.2433004348.self": "false",
                            "ingress.2433004348.to_port": "22",
                            "ingress.3068409405.cidr_blocks.#": "1",
                            "ingress.3068409405.cidr_blocks.0": "0.0.0.0/0",
                            "ingress.3068409405.description": "",
                            "ingress.3068409405.from_port": "8",
                            "ingress.3068409405.ipv6_cidr_blocks.#": "0",
                            "ingress.3068409405.protocol": "icmp",
                            "ingress.3068409405.security_groups.#": "0",
                            "ingress.3068409405.self": "false",
                            "ingress.3068409405.to_port": "0",
                            "name": "staging-user1-sg",
                            "owner_id": "770306130477",
                            "revoke_rules_on_delete": "false",
                            "tags.%": "2",
                            "tags.Environment": "staging",
                            "tags.Name": "staging-user1-sg",
                            "vpc_id": "vpc-1f1fc078"
                        },
                        "meta": {
                            "schema_version": "1"
                        },
                        "tainted": false
                    },
                    "deposed": [],
                    "provider": "provider.aws"
                }
            },
            "depends_on": []
        }
    ]
}
